// !$*UTF8*$!
{
	archiveVersion = 1;
	classes = {
	};
	objectVersion = 56;
	objects = {

/* Begin PBXBuildFile section */
		4AB17A6F29E58ACB00D9F34C /* PRORecipiesApp.swift in Sources */ = {isa = PBXBuildFile; fileRef = 4AB17A6E29E58ACB00D9F34C /* PRORecipiesApp.swift */; };
		4AB17A7129E58ACB00D9F34C /* ContentView.swift in Sources */ = {isa = PBXBuildFile; fileRef = 4AB17A7029E58ACB00D9F34C /* ContentView.swift */; };
		4AB17A7329E58ACE00D9F34C /* Assets.xcassets in Resources */ = {isa = PBXBuildFile; fileRef = 4AB17A7229E58ACE00D9F34C /* Assets.xcassets */; };
		4AB17A7629E58ACE00D9F34C /* Preview Assets.xcassets in Resources */ = {isa = PBXBuildFile; fileRef = 4AB17A7529E58ACE00D9F34C /* Preview Assets.xcassets */; };
		E4C7783429E5E4E90076BB51 /* TabBar.swift in Sources */ = {isa = PBXBuildFile; fileRef = E4C7783329E5E4E90076BB51 /* TabBar.swift */; };
		E4C7783629E5E5650076BB51 /* TabItem.swift in Sources */ = {isa = PBXBuildFile; fileRef = E4C7783529E5E5650076BB51 /* TabItem.swift */; };
		E4C7783829E5E5EC0076BB51 /* ExploreView.swift in Sources */ = {isa = PBXBuildFile; fileRef = E4C7783729E5E5EC0076BB51 /* ExploreView.swift */; };
		E4C7783A29E5E5F30076BB51 /* FavoritesView.swift in Sources */ = {isa = PBXBuildFile; fileRef = E4C7783929E5E5F30076BB51 /* FavoritesView.swift */; };
		E4C7783C29E5E5FF0076BB51 /* ListView.swift in Sources */ = {isa = PBXBuildFile; fileRef = E4C7783B29E5E5FF0076BB51 /* ListView.swift */; };
		E4C7783E29E5E60C0076BB51 /* HomeView.swift in Sources */ = {isa = PBXBuildFile; fileRef = E4C7783D29E5E60C0076BB51 /* HomeView.swift */; };
		E4C7784129E5E7800076BB51 /* CustomShape.swift in Sources */ = {isa = PBXBuildFile; fileRef = E4C7784029E5E7800076BB51 /* CustomShape.swift */; };
		E4C7784C29E6CCFA0076BB51 /* Constants.swift in Sources */ = {isa = PBXBuildFile; fileRef = E4C7784B29E6CCFA0076BB51 /* Constants.swift */; };
/* End PBXBuildFile section */

/* Begin PBXFileReference section */
		4AB17A6B29E58ACB00D9F34C /* PRORecipies.app */ = {isa = PBXFileReference; explicitFileType = wrapper.application; includeInIndex = 0; path = PRORecipies.app; sourceTree = BUILT_PRODUCTS_DIR; };
		4AB17A6E29E58ACB00D9F34C /* PRORecipiesApp.swift */ = {isa = PBXFileReference; lastKnownFileType = sourcecode.swift; path = PRORecipiesApp.swift; sourceTree = "<group>"; };
		4AB17A7029E58ACB00D9F34C /* ContentView.swift */ = {isa = PBXFileReference; lastKnownFileType = sourcecode.swift; path = ContentView.swift; sourceTree = "<group>"; };
		4AB17A7229E58ACE00D9F34C /* Assets.xcassets */ = {isa = PBXFileReference; lastKnownFileType = folder.assetcatalog; path = Assets.xcassets; sourceTree = "<group>"; };
		4AB17A7529E58ACE00D9F34C /* Preview Assets.xcassets */ = {isa = PBXFileReference; lastKnownFileType = folder.assetcatalog; path = "Preview Assets.xcassets"; sourceTree = "<group>"; };
		E4C7783329E5E4E90076BB51 /* TabBar.swift */ = {isa = PBXFileReference; lastKnownFileType = sourcecode.swift; path = TabBar.swift; sourceTree = "<group>"; };
		E4C7783529E5E5650076BB51 /* TabItem.swift */ = {isa = PBXFileReference; lastKnownFileType = sourcecode.swift; path = TabItem.swift; sourceTree = "<group>"; };
		E4C7783729E5E5EC0076BB51 /* ExploreView.swift */ = {isa = PBXFileReference; lastKnownFileType = sourcecode.swift; path = ExploreView.swift; sourceTree = "<group>"; };
		E4C7783929E5E5F30076BB51 /* FavoritesView.swift */ = {isa = PBXFileReference; lastKnownFileType = sourcecode.swift; path = FavoritesView.swift; sourceTree = "<group>"; };
		E4C7783B29E5E5FF0076BB51 /* ListView.swift */ = {isa = PBXFileReference; lastKnownFileType = sourcecode.swift; path = ListView.swift; sourceTree = "<group>"; };
		E4C7783D29E5E60C0076BB51 /* HomeView.swift */ = {isa = PBXFileReference; lastKnownFileType = sourcecode.swift; path = HomeView.swift; sourceTree = "<group>"; };
		E4C7784029E5E7800076BB51 /* CustomShape.swift */ = {isa = PBXFileReference; lastKnownFileType = sourcecode.swift; path = CustomShape.swift; sourceTree = "<group>"; };
		E4C7784B29E6CCFA0076BB51 /* Constants.swift */ = {isa = PBXFileReference; lastKnownFileType = sourcecode.swift; path = Constants.swift; sourceTree = "<group>"; };
/* End PBXFileReference section */

/* Begin PBXFrameworksBuildPhase section */
		4AB17A6829E58ACB00D9F34C /* Frameworks */ = {
			isa = PBXFrameworksBuildPhase;
			buildActionMask = 2147483647;
			files = (
			);
			runOnlyForDeploymentPostprocessing = 0;
		};
/* End PBXFrameworksBuildPhase section */

/* Begin PBXGroup section */
		4AB17A6229E58ACB00D9F34C = {
			isa = PBXGroup;
			children = (
				4AB17A6D29E58ACB00D9F34C /* PRORecipies */,
				4AB17A6C29E58ACB00D9F34C /* Products */,
			);
			sourceTree = "<group>";
		};
		4AB17A6C29E58ACB00D9F34C /* Products */ = {
			isa = PBXGroup;
			children = (
				4AB17A6B29E58ACB00D9F34C /* PRORecipies.app */,
			);
			name = Products;
			sourceTree = "<group>";
		};
		4AB17A6D29E58ACB00D9F34C /* PRORecipies */ = {
			isa = PBXGroup;
			children = (
				E4C7784429E6C5D90076BB51 /* Models */,
				E4C7784229E5E79C0076BB51 /* Views */,
				E4C7783F29E5E76F0076BB51 /* Extra */,
				4AB17A6E29E58ACB00D9F34C /* PRORecipiesApp.swift */,
				4AB17A7229E58ACE00D9F34C /* Assets.xcassets */,
				4AB17A7429E58ACE00D9F34C /* Preview Content */,
			);
			path = PRORecipies;
			sourceTree = "<group>";
		};
		4AB17A7429E58ACE00D9F34C /* Preview Content */ = {
			isa = PBXGroup;
			children = (
				4AB17A7529E58ACE00D9F34C /* Preview Assets.xcassets */,
			);
			path = "Preview Content";
			sourceTree = "<group>";
		};
		E4C7783229E5E4B10076BB51 /* Navigation */ = {
			isa = PBXGroup;
			children = (
				E4C7783729E5E5EC0076BB51 /* ExploreView.swift */,
				E4C7783929E5E5F30076BB51 /* FavoritesView.swift */,
				E4C7783B29E5E5FF0076BB51 /* ListView.swift */,
				E4C7783D29E5E60C0076BB51 /* HomeView.swift */,
			);
			path = Navigation;
			sourceTree = "<group>";
		};
		E4C7783F29E5E76F0076BB51 /* Extra */ = {
			isa = PBXGroup;
			children = (
				E4C7784029E5E7800076BB51 /* CustomShape.swift */,
				E4C7784B29E6CCFA0076BB51 /* Constants.swift */,
			);
			path = Extra;
			sourceTree = "<group>";
		};
		E4C7784229E5E79C0076BB51 /* Views */ = {
			isa = PBXGroup;
			children = (
				4AB17A7029E58ACB00D9F34C /* ContentView.swift */,
				E4C7784329E5E7B90076BB51 /* TabBar */,
				E4C7783229E5E4B10076BB51 /* Navigation */,
			);
			path = Views;
			sourceTree = "<group>";
		};
		E4C7784329E5E7B90076BB51 /* TabBar */ = {
			isa = PBXGroup;
			children = (
				E4C7783329E5E4E90076BB51 /* TabBar.swift */,
			);
			path = TabBar;
			sourceTree = "<group>";
		};
		E4C7784429E6C5D90076BB51 /* Models */ = {
			isa = PBXGroup;
			children = (
				E4C7784A29E6CCE60076BB51 /* UI */,
			);
			path = Models;
			sourceTree = "<group>";
		};
		E4C7784A29E6CCE60076BB51 /* UI */ = {
			isa = PBXGroup;
			children = (
				E4C7783529E5E5650076BB51 /* TabItem.swift */,
			);
			path = UI;
			sourceTree = "<group>";
		};
/* End PBXGroup section */

/* Begin PBXNativeTarget section */
		4AB17A6A29E58ACB00D9F34C /* PRORecipies */ = {
			isa = PBXNativeTarget;
			buildConfigurationList = 4AB17A7929E58ACE00D9F34C /* Build configuration list for PBXNativeTarget "PRORecipies" */;
			buildPhases = (
				4AB17A6729E58ACB00D9F34C /* Sources */,
				4AB17A6829E58ACB00D9F34C /* Frameworks */,
				4AB17A6929E58ACB00D9F34C /* Resources */,
			);
			buildRules = (
			);
			dependencies = (
			);
			name = PRORecipies;
			productName = PRORecipies;
			productReference = 4AB17A6B29E58ACB00D9F34C /* PRORecipies.app */;
			productType = "com.apple.product-type.application";
		};
/* End PBXNativeTarget section */

/* Begin PBXProject section */
		4AB17A6329E58ACB00D9F34C /* Project object */ = {
			isa = PBXProject;
			attributes = {
				BuildIndependentTargetsInParallel = 1;
				LastSwiftUpdateCheck = 1400;
				LastUpgradeCheck = 1400;
				TargetAttributes = {
					4AB17A6A29E58ACB00D9F34C = {
						CreatedOnToolsVersion = 14.0;
					};
				};
			};
			buildConfigurationList = 4AB17A6629E58ACB00D9F34C /* Build configuration list for PBXProject "PRORecipies" */;
			compatibilityVersion = "Xcode 14.0";
			developmentRegion = en;
			hasScannedForEncodings = 0;
			knownRegions = (
				en,
				Base,
			);
			mainGroup = 4AB17A6229E58ACB00D9F34C;
			productRefGroup = 4AB17A6C29E58ACB00D9F34C /* Products */;
			projectDirPath = "";
			projectRoot = "";
			targets = (
				4AB17A6A29E58ACB00D9F34C /* PRORecipies */,
			);
		};
/* End PBXProject section */

/* Begin PBXResourcesBuildPhase section */
		4AB17A6929E58ACB00D9F34C /* Resources */ = {
			isa = PBXResourcesBuildPhase;
			buildActionMask = 2147483647;
			files = (
				4AB17A7629E58ACE00D9F34C /* Preview Assets.xcassets in Resources */,
				4AB17A7329E58ACE00D9F34C /* Assets.xcassets in Resources */,
			);
			runOnlyForDeploymentPostprocessing = 0;
		};
/* End PBXResourcesBuildPhase section */

/* Begin PBXSourcesBuildPhase section */
		4AB17A6729E58ACB00D9F34C /* Sources */ = {
			isa = PBXSourcesBuildPhase;
			buildActionMask = 2147483647;
			files = (
				E4C7783429E5E4E90076BB51 /* TabBar.swift in Sources */,
				4AB17A7129E58ACB00D9F34C /* ContentView.swift in Sources */,
				E4C7784129E5E7800076BB51 /* CustomShape.swift in Sources */,
				E4C7783A29E5E5F30076BB51 /* FavoritesView.swift in Sources */,
				E4C7783C29E5E5FF0076BB51 /* ListView.swift in Sources */,
				E4C7784C29E6CCFA0076BB51 /* Constants.swift in Sources */,
				E4C7783629E5E5650076BB51 /* TabItem.swift in Sources */,
				E4C7783E29E5E60C0076BB51 /* HomeView.swift in Sources */,
				4AB17A6F29E58ACB00D9F34C /* PRORecipiesApp.swift in Sources */,
				E4C7783829E5E5EC0076BB51 /* ExploreView.swift in Sources */,
			);
			runOnlyForDeploymentPostprocessing = 0;
		};
/* End PBXSourcesBuildPhase section */

/* Begin XCBuildConfiguration section */
		4AB17A7729E58ACE00D9F34C /* Debug */ = {
			isa = XCBuildConfiguration;
			buildSettings = {
				ALWAYS_SEARCH_USER_PATHS = NO;
				CLANG_ANALYZER_NONNULL = YES;
				CLANG_ANALYZER_NUMBER_OBJECT_CONVERSION = YES_AGGRESSIVE;
				CLANG_CXX_LANGUAGE_STANDARD = "gnu++20";
				CLANG_ENABLE_MODULES = YES;
				CLANG_ENABLE_OBJC_ARC = YES;
				CLANG_ENABLE_OBJC_WEAK = YES;
				CLANG_WARN_BLOCK_CAPTURE_AUTORELEASING = YES;
				CLANG_WARN_BOOL_CONVERSION = YES;
				CLANG_WARN_COMMA = YES;
				CLANG_WARN_CONSTANT_CONVERSION = YES;
				CLANG_WARN_DEPRECATED_OBJC_IMPLEMENTATIONS = YES;
				CLANG_WARN_DIRECT_OBJC_ISA_USAGE = YES_ERROR;
				CLANG_WARN_DOCUMENTATION_COMMENTS = YES;
				CLANG_WARN_EMPTY_BODY = YES;
				CLANG_WARN_ENUM_CONVERSION = YES;
				CLANG_WARN_INFINITE_RECURSION = YES;
				CLANG_WARN_INT_CONVERSION = YES;
				CLANG_WARN_NON_LITERAL_NULL_CONVERSION = YES;
				CLANG_WARN_OBJC_IMPLICIT_RETAIN_SELF = YES;
				CLANG_WARN_OBJC_LITERAL_CONVERSION = YES;
				CLANG_WARN_OBJC_ROOT_CLASS = YES_ERROR;
				CLANG_WARN_QUOTED_INCLUDE_IN_FRAMEWORK_HEADER = YES;
				CLANG_WARN_RANGE_LOOP_ANALYSIS = YES;
				CLANG_WARN_STRICT_PROTOTYPES = YES;
				CLANG_WARN_SUSPICIOUS_MOVE = YES;
				CLANG_WARN_UNGUARDED_AVAILABILITY = YES_AGGRESSIVE;
				CLANG_WARN_UNREACHABLE_CODE = YES;
				CLANG_WARN__DUPLICATE_METHOD_MATCH = YES;
				COPY_PHASE_STRIP = NO;
				DEBUG_INFORMATION_FORMAT = dwarf;
				ENABLE_STRICT_OBJC_MSGSEND = YES;
				ENABLE_TESTABILITY = YES;
				GCC_C_LANGUAGE_STANDARD = gnu11;
				GCC_DYNAMIC_NO_PIC = NO;
				GCC_NO_COMMON_BLOCKS = YES;
				GCC_OPTIMIZATION_LEVEL = 0;
				GCC_PREPROCESSOR_DEFINITIONS = (
					"DEBUG=1",
					"$(inherited)",
				);
				GCC_WARN_64_TO_32_BIT_CONVERSION = YES;
				GCC_WARN_ABOUT_RETURN_TYPE = YES_ERROR;
				GCC_WARN_UNDECLARED_SELECTOR = YES;
				GCC_WARN_UNINITIALIZED_AUTOS = YES_AGGRESSIVE;
				GCC_WARN_UNUSED_FUNCTION = YES;
				GCC_WARN_UNUSED_VARIABLE = YES;
				IPHONEOS_DEPLOYMENT_TARGET = 16.0;
				MTL_ENABLE_DEBUG_INFO = INCLUDE_SOURCE;
				MTL_FAST_MATH = YES;
				ONLY_ACTIVE_ARCH = YES;
				SDKROOT = iphoneos;
				SWIFT_ACTIVE_COMPILATION_CONDITIONS = DEBUG;
				SWIFT_OPTIMIZATION_LEVEL = "-Onone";
			};
			name = Debug;
		};
		4AB17A7829E58ACE00D9F34C /* Release */ = {
			isa = XCBuildConfiguration;
			buildSettings = {
				ALWAYS_SEARCH_USER_PATHS = NO;
				CLANG_ANALYZER_NONNULL = YES;
				CLANG_ANALYZER_NUMBER_OBJECT_CONVERSION = YES_AGGRESSIVE;
				CLANG_CXX_LANGUAGE_STANDARD = "gnu++20";
				CLANG_ENABLE_MODULES = YES;
				CLANG_ENABLE_OBJC_ARC = YES;
				CLANG_ENABLE_OBJC_WEAK = YES;
				CLANG_WARN_BLOCK_CAPTURE_AUTORELEASING = YES;
				CLANG_WARN_BOOL_CONVERSION = YES;
				CLANG_WARN_COMMA = YES;
				CLANG_WARN_CONSTANT_CONVERSION = YES;
				CLANG_WARN_DEPRECATED_OBJC_IMPLEMENTATIONS = YES;
				CLANG_WARN_DIRECT_OBJC_ISA_USAGE = YES_ERROR;
				CLANG_WARN_DOCUMENTATION_COMMENTS = YES;
				CLANG_WARN_EMPTY_BODY = YES;
				CLANG_WARN_ENUM_CONVERSION = YES;
				CLANG_WARN_INFINITE_RECURSION = YES;
				CLANG_WARN_INT_CONVERSION = YES;
				CLANG_WARN_NON_LITERAL_NULL_CONVERSION = YES;
				CLANG_WARN_OBJC_IMPLICIT_RETAIN_SELF = YES;
				CLANG_WARN_OBJC_LITERAL_CONVERSION = YES;
				CLANG_WARN_OBJC_ROOT_CLASS = YES_ERROR;
				CLANG_WARN_QUOTED_INCLUDE_IN_FRAMEWORK_HEADER = YES;
				CLANG_WARN_RANGE_LOOP_ANALYSIS = YES;
				CLANG_WARN_STRICT_PROTOTYPES = YES;
				CLANG_WARN_SUSPICIOUS_MOVE = YES;
				CLANG_WARN_UNGUARDED_AVAILABILITY = YES_AGGRESSIVE;
				CLANG_WARN_UNREACHABLE_CODE = YES;
				CLANG_WARN__DUPLICATE_METHOD_MATCH = YES;
				COPY_PHASE_STRIP = NO;
				DEBUG_INFORMATION_FORMAT = "dwarf-with-dsym";
				ENABLE_NS_ASSERTIONS = NO;
				ENABLE_STRICT_OBJC_MSGSEND = YES;
				GCC_C_LANGUAGE_STANDARD = gnu11;
				GCC_NO_COMMON_BLOCKS = YES;
				GCC_WARN_64_TO_32_BIT_CONVERSION = YES;
				GCC_WARN_ABOUT_RETURN_TYPE = YES_ERROR;
				GCC_WARN_UNDECLARED_SELECTOR = YES;
				GCC_WARN_UNINITIALIZED_AUTOS = YES_AGGRESSIVE;
				GCC_WARN_UNUSED_FUNCTION = YES;
				GCC_WARN_UNUSED_VARIABLE = YES;
				IPHONEOS_DEPLOYMENT_TARGET = 16.0;
				MTL_ENABLE_DEBUG_INFO = NO;
				MTL_FAST_MATH = YES;
				SDKROOT = iphoneos;
				SWIFT_COMPILATION_MODE = wholemodule;
				SWIFT_OPTIMIZATION_LEVEL = "-O";
				VALIDATE_PRODUCT = YES;
			};
			name = Release;
		};
		4AB17A7A29E58ACE00D9F34C /* Debug */ = {
			isa = XCBuildConfiguration;
			buildSettings = {
				ASSETCATALOG_COMPILER_APPICON_NAME = AppIcon;
				ASSETCATALOG_COMPILER_GLOBAL_ACCENT_COLOR_NAME = AccentColor;
				CODE_SIGN_STYLE = Automatic;
				CURRENT_PROJECT_VERSION = 1;
				DEVELOPMENT_ASSET_PATHS = "\"PRORecipies/Preview Content\"";
				ENABLE_PREVIEWS = YES;
				GENERATE_INFOPLIST_FILE = YES;
				INFOPLIST_KEY_UIApplicationSceneManifest_Generation = YES;
				INFOPLIST_KEY_UIApplicationSupportsIndirectInputEvents = YES;
				INFOPLIST_KEY_UILaunchScreen_Generation = YES;
				INFOPLIST_KEY_UISupportedInterfaceOrientations_iPad = "UIInterfaceOrientationPortrait UIInterfaceOrientationPortraitUpsideDown UIInterfaceOrientationLandscapeLeft UIInterfaceOrientationLandscapeRight";
				INFOPLIST_KEY_UISupportedInterfaceOrientations_iPhone = "UIInterfaceOrientationPortrait UIInterfaceOrientationLandscapeLeft UIInterfaceOrientationLandscapeRight";
				LD_RUNPATH_SEARCH_PATHS = (
					"$(inherited)",
					"@executable_path/Frameworks",
				);
				MARKETING_VERSION = 1.0;
				PRODUCT_BUNDLE_IDENTIFIER = va.spirchina.PRORecipies;
				PRODUCT_NAME = "$(TARGET_NAME)";
				SWIFT_EMIT_LOC_STRINGS = YES;
				SWIFT_VERSION = 5.0;
				TARGETED_DEVICE_FAMILY = "1,2";
			};
			name = Debug;
		};
		4AB17A7B29E58ACE00D9F34C /* Release */ = {
			isa = XCBuildConfiguration;
			buildSettings = {
				ASSETCATALOG_COMPILER_APPICON_NAME = AppIcon;
				ASSETCATALOG_COMPILER_GLOBAL_ACCENT_COLOR_NAME = AccentColor;
				CODE_SIGN_STYLE = Automatic;
				CURRENT_PROJECT_VERSION = 1;
				DEVELOPMENT_ASSET_PATHS = "\"PRORecipies/Preview Content\"";
				ENABLE_PREVIEWS = YES;
				GENERATE_INFOPLIST_FILE = YES;
				INFOPLIST_KEY_UIApplicationSceneManifest_Generation = YES;
				INFOPLIST_KEY_UIApplicationSupportsIndirectInputEvents = YES;
				INFOPLIST_KEY_UILaunchScreen_Generation = YES;
				INFOPLIST_KEY_UISupportedInterfaceOrientations_iPad = "UIInterfaceOrientationPortrait UIInterfaceOrientationPortraitUpsideDown UIInterfaceOrientationLandscapeLeft UIInterfaceOrientationLandscapeRight";
				INFOPLIST_KEY_UISupportedInterfaceOrientations_iPhone = "UIInterfaceOrientationPortrait UIInterfaceOrientationLandscapeLeft UIInterfaceOrientationLandscapeRight";
				LD_RUNPATH_SEARCH_PATHS = (
					"$(inherited)",
					"@executable_path/Frameworks",
				);
				MARKETING_VERSION = 1.0;
				PRODUCT_BUNDLE_IDENTIFIER = va.spirchina.PRORecipies;
				PRODUCT_NAME = "$(TARGET_NAME)";
				SWIFT_EMIT_LOC_STRINGS = YES;
				SWIFT_VERSION = 5.0;
				TARGETED_DEVICE_FAMILY = "1,2";
			};
			name = Release;
		};
/* End XCBuildConfiguration section */

/* Begin XCConfigurationList section */
		4AB17A6629E58ACB00D9F34C /* Build configuration list for PBXProject "PRORecipies" */ = {
			isa = XCConfigurationList;
			buildConfigurations = (
				4AB17A7729E58ACE00D9F34C /* Debug */,
				4AB17A7829E58ACE00D9F34C /* Release */,
			);
			defaultConfigurationIsVisible = 0;
			defaultConfigurationName = Release;
		};
		4AB17A7929E58ACE00D9F34C /* Build configuration list for PBXNativeTarget "PRORecipies" */ = {
			isa = XCConfigurationList;
			buildConfigurations = (
				4AB17A7A29E58ACE00D9F34C /* Debug */,
				4AB17A7B29E58ACE00D9F34C /* Release */,
			);
			defaultConfigurationIsVisible = 0;
			defaultConfigurationName = Release;
		};
/* End XCConfigurationList section */
	};
	rootObject = 4AB17A6329E58ACB00D9F34C /* Project object */;
}
